Microsoft Visual Studio Solution File, Format Version 12.00
# Visual Studio Version 17
VisualStudioVersion = 17.5.2.0
MinimumVisualStudioVersion = 10.0.40219.1
Project("{2150E333-8FDC-42A3-9474-1A3956D46DE8}") = "Project4", "Project4", "{499FD1CB-4132-140C-7193-521ED418B31B}"
EndProject
Project("{FAE04EC0-301F-11D3-BF4B-00C04F79EFBC}") = "ListManager", "Project4\ListManager\ListManager.csproj", "{C7AF0E5B-E9DC-74CD-3B3A-4ECD357CC962}"
EndProject
Global
	GlobalSection(SolutionConfigurationPlatforms) = preSolution
		Debug|Any CPU = Debug|Any CPU
		Release|Any CPU = Release|Any CPU
	EndGlobalSection
	GlobalSection(ProjectConfigurationPlatforms) = postSolution
		{C7AF0E5B-E9DC-74CD-3B3A-4ECD357CC962}.Debug|Any CPU.ActiveCfg = Debug|Any CPU
		{C7AF0E5B-E9DC-74CD-3B3A-4ECD357CC962}.Debug|Any CPU.Build.0 = Debug|Any CPU
		{C7AF0E5B-E9DC-74CD-3B3A-4ECD357CC962}.Release|Any CPU.ActiveCfg = Release|Any CPU
		{C7AF0E5B-E9DC-74CD-3B3A-4ECD357CC962}.Release|Any CPU.Build.0 = Release|Any CPU
	EndGlobalSection
	GlobalSection(SolutionProperties) = preSolution
		HideSolutionNode = FALSE
	EndGlobalSection
	GlobalSection(NestedProjects) = preSolution
		{C7AF0E5B-E9DC-74CD-3B3A-4ECD357CC962} = {499FD1CB-4132-140C-7193-521ED418B31B}
	EndGlobalSection
	GlobalSection(ExtensibilityGlobals) = postSolution
		SolutionGuid = {49C1D169-B999-486C-8AB8-D39EFDDE1069}
	EndGlobalSection
EndGlobal